{
  "name": "files-manager-front",
  "version": "0.0.0",
  "lockfileVersion": 1,
  "requires": true,
  "dependencies": {
    "primeng": {
      "version": "4.1.3",
      "resolved": "https://registry.npmjs.org/primeng/-/primeng-4.1.3.tgz",
      "integrity": "sha1-fRZaPgz1kl3xrwsfni0C0e2iKFA="
    }
  }
}
